Microsoft Visual Studio Solution File, Format Version 12.00
# Visual Studio Version 17
VisualStudioVersion = 17.5.2.0
MinimumVisualStudioVersion = 10.0.40219.1
Project("{FAE04EC0-301F-11D3-BF4B-00C04F79EFBC}") = "OcrServer", "OcrServer\OcrServer.csproj", "{36049326-C603-4C37-9C7B-EDB8DE7D2DF9}"
EndProject
Project("{FAE04EC0-301F-11D3-BF4B-00C04F79EFBC}") = "OcrCore", "OcrCore\OcrCore.csproj", "{AE9B2444-8E03-45E3-9F7D-864F9E8EB40F}"
EndProject
Global
	GlobalSection(SolutionConfigurationPlatforms) = preSolution
		Debug|Any CPU = Debug|Any CPU
		Release|Any CPU = Release|Any CPU
	EndGlobalSection
	GlobalSection(ProjectConfigurationPlatforms) = postSolution
		{36049326-C603-4C37-9C7B-EDB8DE7D2DF9}.Debug|Any CPU.ActiveCfg = Debug|Any CPU
		{36049326-C603-4C37-9C7B-EDB8DE7D2DF9}.Debug|Any CPU.Build.0 = Debug|Any CPU
		{36049326-C603-4C37-9C7B-EDB8DE7D2DF9}.Release|Any CPU.ActiveCfg = Release|Any CPU
		{36049326-C603-4C37-9C7B-EDB8DE7D2DF9}.Release|Any CPU.Build.0 = Release|Any CPU
		{AE9B2444-8E03-45E3-9F7D-864F9E8EB40F}.Debug|Any CPU.ActiveCfg = Debug|Any CPU
		{AE9B2444-8E03-45E3-9F7D-864F9E8EB40F}.Debug|Any CPU.Build.0 = Debug|Any CPU
		{AE9B2444-8E03-45E3-9F7D-864F9E8EB40F}.Release|Any CPU.ActiveCfg = Release|Any CPU
		{AE9B2444-8E03-45E3-9F7D-864F9E8EB40F}.Release|Any CPU.Build.0 = Release|Any CPU
	EndGlobalSection
	GlobalSection(SolutionProperties) = preSolution
		HideSolutionNode = FALSE
	EndGlobalSection
	GlobalSection(ExtensibilityGlobals) = postSolution
		SolutionGuid = {F45EE937-D143-408F-8F97-88C582F9F1AB}
	EndGlobalSection
EndGlobal
